
Microsoft Visual Studio Solution File, Format Version 12.00
# Visual Studio Version 17
VisualStudioVersion = 17.2.32516.85
MinimumVisualStudioVersion = 10.0.40219.1
Project("{FAE04EC0-301F-11D3-BF4B-00C04F79EFBC}") = "TwoFKsSameTable", "TwoFKsSameTable\TwoFKsSameTable.csproj", "{2E664E9F-CB07-40BF-A5AD-5A4028E5E5B0}"
EndProject
Global
	GlobalSection(SolutionConfigurationPlatforms) = preSolution
		Debug|Any CPU = Debug|Any CPU
		Release|Any CPU = Release|Any CPU
	EndGlobalSection
	GlobalSection(ProjectConfigurationPlatforms) = postSolution
		{2E664E9F-CB07-40BF-A5AD-5A4028E5E5B0}.Debug|Any CPU.ActiveCfg = Debug|Any CPU
		{2E664E9F-CB07-40BF-A5AD-5A4028E5E5B0}.Debug|Any CPU.Build.0 = Debug|Any CPU
		{2E664E9F-CB07-40BF-A5AD-5A4028E5E5B0}.Release|Any CPU.ActiveCfg = Release|Any CPU
		{2E664E9F-CB07-40BF-A5AD-5A4028E5E5B0}.Release|Any CPU.Build.0 = Release|Any CPU
	EndGlobalSection
	GlobalSection(SolutionProperties) = preSolution
		HideSolutionNode = FALSE
	EndGlobalSection
	GlobalSection(ExtensibilityGlobals) = postSolution
		SolutionGuid = {E6060C84-223B-44A1-A90C-45F01240FFF0}
	EndGlobalSection
EndGlobal
